
Microsoft Visual Studio Solution File, Format Version 12.00
# Visual Studio 15
VisualStudioVersion = 15.0.28010.2003
MinimumVisualStudioVersion = 10.0.40219.1
Project("{FAE04EC0-301F-11D3-BF4B-00C04F79EFBC}") = "Collections", "Collections\Collections.csproj", "{383472E9-B06C-416D-A730-66F6B2C2DF71}"
EndProject
Global
	GlobalSection(SolutionConfigurationPlatforms) = preSolution
		Debug|Any CPU = Debug|Any CPU
		Release|Any CPU = Release|Any CPU
	EndGlobalSection
	GlobalSection(ProjectConfigurationPlatforms) = postSolution
		{383472E9-B06C-416D-A730-66F6B2C2DF71}.Debug|Any CPU.ActiveCfg = Debug|Any CPU
		{383472E9-B06C-416D-A730-66F6B2C2DF71}.Debug|Any CPU.Build.0 = Debug|Any CPU
		{383472E9-B06C-416D-A730-66F6B2C2DF71}.Release|Any CPU.ActiveCfg = Release|Any CPU
		{383472E9-B06C-416D-A730-66F6B2C2DF71}.Release|Any CPU.Build.0 = Release|Any CPU
	EndGlobalSection
	GlobalSection(SolutionProperties) = preSolution
		HideSolutionNode = FALSE
	EndGlobalSection
	GlobalSection(ExtensibilityGlobals) = postSolution
		SolutionGuid = {DB3C8436-B1EE-4B7D-B7AF-C7DD86052B76}
	EndGlobalSection
EndGlobal
